
Microsoft Visual Studio Solution File, Format Version 12.00
# Visual Studio 2013
VisualStudioVersion = 12.0.21005.1
MinimumVisualStudioVersion = 10.0.40219.1
Project("{FAE04EC0-301F-11D3-BF4B-00C04F79EFBC}") = "Kinect", "Kinect\Kinect.csproj", "{C97554B9-FC32-4B34-B86F-4AF036C71E73}"
EndProject
Project("{FAE04EC0-301F-11D3-BF4B-00C04F79EFBC}") = "UnitTests", "UnitTests\UnitTests.csproj", "{68C2904A-0869-4B6A-A3CE-F58380A2450B}"
EndProject
Project("{FAE04EC0-301F-11D3-BF4B-00C04F79EFBC}") = "KinectCounter_old", "KinectCounter_old\KinectCounter_old\KinectCounter_old.csproj", "{9F545D44-2C93-47CA-BD4A-F545067D953A}"
EndProject
Project("{FAE04EC0-301F-11D3-BF4B-00C04F79EFBC}") = "KinectCounter_new", "KinectCounter_new\KinectCounter_new.csproj", "{3BF42FA1-F683-469B-9E4A-4A513BDDD990}"
EndProject
Project("{FAE04EC0-301F-11D3-BF4B-00C04F79EFBC}") = "ScoreAPI", "ScoreAPI\ScoreAPI.csproj", "{E7EBE13D-36D2-4CB2-A188-0DD21F3AB9D3}"
EndProject
Global
	GlobalSection(SolutionConfigurationPlatforms) = preSolution
		Debug|Any CPU = Debug|Any CPU
		Debug|Mixed Platforms = Debug|Mixed Platforms
		Debug|x86 = Debug|x86
		Release|Any CPU = Release|Any CPU
		Release|Mixed Platforms = Release|Mixed Platforms
		Release|x86 = Release|x86
	EndGlobalSection
	GlobalSection(ProjectConfigurationPlatforms) = postSolution
		{C97554B9-FC32-4B34-B86F-4AF036C71E73}.Debug|Any CPU.ActiveCfg = Debug|Any CPU
		{C97554B9-FC32-4B34-B86F-4AF036C71E73}.Debug|Any CPU.Build.0 = Debug|Any CPU
		{C97554B9-FC32-4B34-B86F-4AF036C71E73}.Debug|Mixed Platforms.ActiveCfg = Debug|Any CPU
		{C97554B9-FC32-4B34-B86F-4AF036C71E73}.Debug|Mixed Platforms.Build.0 = Debug|Any CPU
		{C97554B9-FC32-4B34-B86F-4AF036C71E73}.Debug|x86.ActiveCfg = Debug|Any CPU
		{C97554B9-FC32-4B34-B86F-4AF036C71E73}.Release|Any CPU.ActiveCfg = Release|Any CPU
		{C97554B9-FC32-4B34-B86F-4AF036C71E73}.Release|Any CPU.Build.0 = Release|Any CPU
		{C97554B9-FC32-4B34-B86F-4AF036C71E73}.Release|Mixed Platforms.ActiveCfg = Release|Any CPU
		{C97554B9-FC32-4B34-B86F-4AF036C71E73}.Release|Mixed Platforms.Build.0 = Release|Any CPU
		{C97554B9-FC32-4B34-B86F-4AF036C71E73}.Release|x86.ActiveCfg = Release|Any CPU
		{68C2904A-0869-4B6A-A3CE-F58380A2450B}.Debug|Any CPU.ActiveCfg = Debug|Any CPU
		{68C2904A-0869-4B6A-A3CE-F58380A2450B}.Debug|Any CPU.Build.0 = Debug|Any CPU
		{68C2904A-0869-4B6A-A3CE-F58380A2450B}.Debug|Mixed Platforms.ActiveCfg = Debug|Any CPU
		{68C2904A-0869-4B6A-A3CE-F58380A2450B}.Debug|Mixed Platforms.Build.0 = Debug|Any CPU
		{68C2904A-0869-4B6A-A3CE-F58380A2450B}.Debug|x86.ActiveCfg = Debug|Any CPU
		{68C2904A-0869-4B6A-A3CE-F58380A2450B}.Release|Any CPU.ActiveCfg = Release|Any CPU
		{68C2904A-0869-4B6A-A3CE-F58380A2450B}.Release|Any CPU.Build.0 = Release|Any CPU
		{68C2904A-0869-4B6A-A3CE-F58380A2450B}.Release|Mixed Platforms.ActiveCfg = Release|Any CPU
		{68C2904A-0869-4B6A-A3CE-F58380A2450B}.Release|Mixed Platforms.Build.0 = Release|Any CPU
		{68C2904A-0869-4B6A-A3CE-F58380A2450B}.Release|x86.ActiveCfg = Release|Any CPU
		{9F545D44-2C93-47CA-BD4A-F545067D953A}.Debug|Any CPU.ActiveCfg = Debug|x86
		{9F545D44-2C93-47CA-BD4A-F545067D953A}.Debug|Mixed Platforms.ActiveCfg = Debug|x86
		{9F545D44-2C93-47CA-BD4A-F545067D953A}.Debug|Mixed Platforms.Build.0 = Debug|x86
		{9F545D44-2C93-47CA-BD4A-F545067D953A}.Debug|x86.ActiveCfg = Debug|x86
		{9F545D44-2C93-47CA-BD4A-F545067D953A}.Debug|x86.Build.0 = Debug|x86
		{9F545D44-2C93-47CA-BD4A-F545067D953A}.Release|Any CPU.ActiveCfg = Release|x86
		{9F545D44-2C93-47CA-BD4A-F545067D953A}.Release|Mixed Platforms.ActiveCfg = Release|x86
		{9F545D44-2C93-47CA-BD4A-F545067D953A}.Release|Mixed Platforms.Build.0 = Release|x86
		{9F545D44-2C93-47CA-BD4A-F545067D953A}.Release|x86.ActiveCfg = Release|x86
		{9F545D44-2C93-47CA-BD4A-F545067D953A}.Release|x86.Build.0 = Release|x86
		{3BF42FA1-F683-469B-9E4A-4A513BDDD990}.Debug|Any CPU.ActiveCfg = Debug|Any CPU
		{3BF42FA1-F683-469B-9E4A-4A513BDDD990}.Debug|Any CPU.Build.0 = Debug|Any CPU
		{3BF42FA1-F683-469B-9E4A-4A513BDDD990}.Debug|Mixed Platforms.ActiveCfg = Debug|Any CPU
		{3BF42FA1-F683-469B-9E4A-4A513BDDD990}.Debug|Mixed Platforms.Build.0 = Debug|Any CPU
		{3BF42FA1-F683-469B-9E4A-4A513BDDD990}.Debug|x86.ActiveCfg = Debug|Any CPU
		{3BF42FA1-F683-469B-9E4A-4A513BDDD990}.Release|Any CPU.ActiveCfg = Release|Any CPU
		{3BF42FA1-F683-469B-9E4A-4A513BDDD990}.Release|Any CPU.Build.0 = Release|Any CPU
		{3BF42FA1-F683-469B-9E4A-4A513BDDD990}.Release|Mixed Platforms.ActiveCfg = Release|Any CPU
		{3BF42FA1-F683-469B-9E4A-4A513BDDD990}.Release|Mixed Platforms.Build.0 = Release|Any CPU
		{3BF42FA1-F683-469B-9E4A-4A513BDDD990}.Release|x86.ActiveCfg = Release|Any CPU
		{E7EBE13D-36D2-4CB2-A188-0DD21F3AB9D3}.Debug|Any CPU.ActiveCfg = Debug|Any CPU
		{E7EBE13D-36D2-4CB2-A188-0DD21F3AB9D3}.Debug|Any CPU.Build.0 = Debug|Any CPU
		{E7EBE13D-36D2-4CB2-A188-0DD21F3AB9D3}.Debug|Mixed Platforms.ActiveCfg = Debug|Any CPU
		{E7EBE13D-36D2-4CB2-A188-0DD21F3AB9D3}.Debug|Mixed Platforms.Build.0 = Debug|Any CPU
		{E7EBE13D-36D2-4CB2-A188-0DD21F3AB9D3}.Debug|x86.ActiveCfg = Debug|Any CPU
		{E7EBE13D-36D2-4CB2-A188-0DD21F3AB9D3}.Release|Any CPU.ActiveCfg = Release|Any CPU
		{E7EBE13D-36D2-4CB2-A188-0DD21F3AB9D3}.Release|Any CPU.Build.0 = Release|Any CPU
		{E7EBE13D-36D2-4CB2-A188-0DD21F3AB9D3}.Release|Mixed Platforms.ActiveCfg = Release|Any CPU
		{E7EBE13D-36D2-4CB2-A188-0DD21F3AB9D3}.Release|Mixed Platforms.Build.0 = Release|Any CPU
		{E7EBE13D-36D2-4CB2-A188-0DD21F3AB9D3}.Release|x86.ActiveCfg = Release|Any CPU
	EndGlobalSection
	GlobalSection(SolutionProperties) = preSolution
		HideSolutionNode = FALSE
	EndGlobalSection
EndGlobal
